// !$*UTF8*$!
{
	archiveVersion = 1;
	classes = {
	};
	objectVersion = 55;
	objects = {

/* Begin PBXBuildFile section */
		E02CC46628F6BC0C00781615 /* AppDelegate.swift in Sources */ = {isa = PBXBuildFile; fileRef = E02CC46528F6BC0C00781615 /* AppDelegate.swift */; };
		E02CC46828F6BC0C00781615 /* SceneDelegate.swift in Sources */ = {isa = PBXBuildFile; fileRef = E02CC46728F6BC0C00781615 /* SceneDelegate.swift */; };
		E02CC46A28F6BC0C00781615 /* ScoreboardViewController.swift in Sources */ = {isa = PBXBuildFile; fileRef = E02CC46928F6BC0C00781615 /* ScoreboardViewController.swift */; };
		E02CC46D28F6BC0C00781615 /* Main.storyboard in Resources */ = {isa = PBXBuildFile; fileRef = E02CC46B28F6BC0C00781615 /* Main.storyboard */; };
		E02CC46F28F6BC0D00781615 /* Assets.xcassets in Resources */ = {isa = PBXBuildFile; fileRef = E02CC46E28F6BC0D00781615 /* Assets.xcassets */; };
		E02CC47228F6BC0D00781615 /* LaunchScreen.storyboard in Resources */ = {isa = PBXBuildFile; fileRef = E02CC47028F6BC0D00781615 /* LaunchScreen.storyboard */; };
		E0782E4A28F8F5E20018D19A /* ScoreboardHeaderView.swift in Sources */ = {isa = PBXBuildFile; fileRef = E0782E4928F8F5E20018D19A /* ScoreboardHeaderView.swift */; };
		E0782E4C28F8FF810018D19A /* ScoreboardContentView.swift in Sources */ = {isa = PBXBuildFile; fileRef = E0782E4B28F8FF810018D19A /* ScoreboardContentView.swift */; };
		E0782E4E28F906DF0018D19A /* ScoreboardBottomView.swift in Sources */ = {isa = PBXBuildFile; fileRef = E0782E4D28F906DF0018D19A /* ScoreboardBottomView.swift */; };
		E0782E5028F914F10018D19A /* ScoreboardView+Bindings.swift in Sources */ = {isa = PBXBuildFile; fileRef = E0782E4F28F914F10018D19A /* ScoreboardView+Bindings.swift */; };
		E0782E5228F939900018D19A /* ScoreboardViewModel.swift in Sources */ = {isa = PBXBuildFile; fileRef = E0782E5128F939900018D19A /* ScoreboardViewModel.swift */; };
		EDBFA664EB012CCB13639C6B /* Pods_Practice20221012.framework in Frameworks */ = {isa = PBXBuildFile; fileRef = A93A840DAD7602E1875FF0CB /* Pods_Practice20221012.framework */; };
/* End PBXBuildFile section */

/* Begin PBXFileReference section */
		A93A840DAD7602E1875FF0CB /* Pods_Practice20221012.framework */ = {isa = PBXFileReference; explicitFileType = wrapper.framework; includeInIndex = 0; path = Pods_Practice20221012.framework; sourceTree = BUILT_PRODUCTS_DIR; };
		C38F206ED5FF04B19DF594D7 /* Pods-Practice20221012.release.xcconfig */ = {isa = PBXFileReference; includeInIndex = 1; lastKnownFileType = text.xcconfig; name = "Pods-Practice20221012.release.xcconfig"; path = "Target Support Files/Pods-Practice20221012/Pods-Practice20221012.release.xcconfig"; sourceTree = "<group>"; };
		D3B6D31BFB16B76B397CC883 /* Pods-Practice20221012.debug.xcconfig */ = {isa = PBXFileReference; includeInIndex = 1; lastKnownFileType = text.xcconfig; name = "Pods-Practice20221012.debug.xcconfig"; path = "Target Support Files/Pods-Practice20221012/Pods-Practice20221012.debug.xcconfig"; sourceTree = "<group>"; };
		E02CC46228F6BC0C00781615 /* Practice20221012.app */ = {isa = PBXFileReference; explicitFileType = wrapper.application; includeInIndex = 0; path = Practice20221012.app; sourceTree = BUILT_PRODUCTS_DIR; };
		E02CC46528F6BC0C00781615 /* AppDelegate.swift */ = {isa = PBXFileReference; lastKnownFileType = sourcecode.swift; path = AppDelegate.swift; sourceTree = "<group>"; };
		E02CC46728F6BC0C00781615 /* SceneDelegate.swift */ = {isa = PBXFileReference; lastKnownFileType = sourcecode.swift; path = SceneDelegate.swift; sourceTree = "<group>"; };
		E02CC46928F6BC0C00781615 /* ScoreboardViewController.swift */ = {isa = PBXFileReference; lastKnownFileType = sourcecode.swift; path = ScoreboardViewController.swift; sourceTree = "<group>"; };
		E02CC46C28F6BC0C00781615 /* Base */ = {isa = PBXFileReference; lastKnownFileType = file.storyboard; name = Base; path = Base.lproj/Main.storyboard; sourceTree = "<group>"; };
		E02CC46E28F6BC0D00781615 /* Assets.xcassets */ = {isa = PBXFileReference; lastKnownFileType = folder.assetcatalog; path = Assets.xcassets; sourceTree = "<group>"; };
		E02CC47128F6BC0D00781615 /* Base */ = {isa = PBXFileReference; lastKnownFileType = file.storyboard; name = Base; path = Base.lproj/LaunchScreen.storyboard; sourceTree = "<group>"; };
		E02CC47328F6BC0D00781615 /* Info.plist */ = {isa = PBXFileReference; lastKnownFileType = text.plist.xml; path = Info.plist; sourceTree = "<group>"; };
		E0782E4928F8F5E20018D19A /* ScoreboardHeaderView.swift */ = {isa = PBXFileReference; lastKnownFileType = sourcecode.swift; path = ScoreboardHeaderView.swift; sourceTree = "<group>"; };
		E0782E4B28F8FF810018D19A /* ScoreboardContentView.swift */ = {isa = PBXFileReference; lastKnownFileType = sourcecode.swift; path = ScoreboardContentView.swift; sourceTree = "<group>"; };
		E0782E4D28F906DF0018D19A /* ScoreboardBottomView.swift */ = {isa = PBXFileReference; lastKnownFileType = sourcecode.swift; path = ScoreboardBottomView.swift; sourceTree = "<group>"; };
		E0782E4F28F914F10018D19A /* ScoreboardView+Bindings.swift */ = {isa = PBXFileReference; lastKnownFileType = sourcecode.swift; path = "ScoreboardView+Bindings.swift"; sourceTree = "<group>"; };
		E0782E5128F939900018D19A /* ScoreboardViewModel.swift */ = {isa = PBXFileReference; lastKnownFileType = sourcecode.swift; path = ScoreboardViewModel.swift; sourceTree = "<group>"; };
/* End PBXFileReference section */

/* Begin PBXFrameworksBuildPhase section */
		E02CC45F28F6BC0C00781615 /* Frameworks */ = {
			isa = PBXFrameworksBuildPhase;
			buildActionMask = 2147483647;
			files = (
				EDBFA664EB012CCB13639C6B /* Pods_Practice20221012.framework in Frameworks */,
			);
			runOnlyForDeploymentPostprocessing = 0;
		};
/* End PBXFrameworksBuildPhase section */

/* Begin PBXGroup section */
		B4BAA5DACD1C907739437D6B /* Pods */ = {
			isa = PBXGroup;
			children = (
				D3B6D31BFB16B76B397CC883 /* Pods-Practice20221012.debug.xcconfig */,
				C38F206ED5FF04B19DF594D7 /* Pods-Practice20221012.release.xcconfig */,
			);
			path = Pods;
			sourceTree = "<group>";
		};
		D2772BE8CD3D5C66DA63AAC4 /* Frameworks */ = {
			isa = PBXGroup;
			children = (
				A93A840DAD7602E1875FF0CB /* Pods_Practice20221012.framework */,
			);
			name = Frameworks;
			sourceTree = "<group>";
		};
		E02CC45928F6BC0C00781615 = {
			isa = PBXGroup;
			children = (
				E02CC46428F6BC0C00781615 /* Practice20221012 */,
				E02CC46328F6BC0C00781615 /* Products */,
				B4BAA5DACD1C907739437D6B /* Pods */,
				D2772BE8CD3D5C66DA63AAC4 /* Frameworks */,
			);
			sourceTree = "<group>";
		};
		E02CC46328F6BC0C00781615 /* Products */ = {
			isa = PBXGroup;
			children = (
				E02CC46228F6BC0C00781615 /* Practice20221012.app */,
			);
			name = Products;
			sourceTree = "<group>";
		};
		E02CC46428F6BC0C00781615 /* Practice20221012 */ = {
			isa = PBXGroup;
			children = (
				E02CC46528F6BC0C00781615 /* AppDelegate.swift */,
				E02CC46728F6BC0C00781615 /* SceneDelegate.swift */,
				E02CC47C28F6C2B700781615 /* Scoreboard */,
				E02CC46B28F6BC0C00781615 /* Main.storyboard */,
				E02CC46E28F6BC0D00781615 /* Assets.xcassets */,
				E02CC47028F6BC0D00781615 /* LaunchScreen.storyboard */,
				E02CC47328F6BC0D00781615 /* Info.plist */,
			);
			path = Practice20221012;
			sourceTree = "<group>";
		};
		E02CC47928F6C28D00781615 /* View */ = {
			isa = PBXGroup;
			children = (
				E0782E4928F8F5E20018D19A /* ScoreboardHeaderView.swift */,
				E0782E4B28F8FF810018D19A /* ScoreboardContentView.swift */,
				E0782E4D28F906DF0018D19A /* ScoreboardBottomView.swift */,
			);
			path = View;
			sourceTree = "<group>";
		};
		E02CC47A28F6C29B00781615 /* ViewController */ = {
			isa = PBXGroup;
			children = (
				E02CC46928F6BC0C00781615 /* ScoreboardViewController.swift */,
				E0782E4F28F914F10018D19A /* ScoreboardView+Bindings.swift */,
			);
			path = ViewController;
			sourceTree = "<group>";
		};
		E02CC47B28F6C2A900781615 /* Model */ = {
			isa = PBXGroup;
			children = (
				E0782E5128F939900018D19A /* ScoreboardViewModel.swift */,
			);
			path = Model;
			sourceTree = "<group>";
		};
		E02CC47C28F6C2B700781615 /* Scoreboard */ = {
			isa = PBXGroup;
			children = (
				E02CC47B28F6C2A900781615 /* Model */,
				E02CC47A28F6C29B00781615 /* ViewController */,
				E02CC47928F6C28D00781615 /* View */,
			);
			path = Scoreboard;
			sourceTree = "<group>";
		};
/* End PBXGroup section */

/* Begin PBXNativeTarget section */
		E02CC46128F6BC0C00781615 /* Practice20221012 */ = {
			isa = PBXNativeTarget;
			buildConfigurationList = E02CC47628F6BC0D00781615 /* Build configuration list for PBXNativeTarget "Practice20221012" */;
			buildPhases = (
				FC782F0056CFCC4A5BAC0846 /* [CP] Check Pods Manifest.lock */,
				E02CC45E28F6BC0C00781615 /* Sources */,
				E02CC45F28F6BC0C00781615 /* Frameworks */,
				E02CC46028F6BC0C00781615 /* Resources */,
				3BBA783D2D6270B82DF07DE1 /* [CP] Embed Pods Frameworks */,
			);
			buildRules = (
			);
			dependencies = (
			);
			name = Practice20221012;
			productName = Practice20221012;
			productReference = E02CC46228F6BC0C00781615 /* Practice20221012.app */;
			productType = "com.apple.product-type.application";
		};
/* End PBXNativeTarget section */

/* Begin PBXProject section */
		E02CC45A28F6BC0C00781615 /* Project object */ = {
			isa = PBXProject;
			attributes = {
				BuildIndependentTargetsInParallel = 1;
				LastSwiftUpdateCheck = 1320;
				LastUpgradeCheck = 1320;
				TargetAttributes = {
					E02CC46128F6BC0C00781615 = {
						CreatedOnToolsVersion = 13.2.1;
					};
				};
			};
			buildConfigurationList = E02CC45D28F6BC0C00781615 /* Build configuration list for PBXProject "Practice20221012" */;
			compatibilityVersion = "Xcode 13.0";
			developmentRegion = en;
			hasScannedForEncodings = 0;
			knownRegions = (
				en,
				Base,
			);
			mainGroup = E02CC45928F6BC0C00781615;
			productRefGroup = E02CC46328F6BC0C00781615 /* Products */;
			projectDirPath = "";
			projectRoot = "";
			targets = (
				E02CC46128F6BC0C00781615 /* Practice20221012 */,
			);
		};
/* End PBXProject section */

/* Begin PBXResourcesBuildPhase section */
		E02CC46028F6BC0C00781615 /* Resources */ = {
			isa = PBXResourcesBuildPhase;
			buildActionMask = 2147483647;
			files = (
				E02CC47228F6BC0D00781615 /* LaunchScreen.storyboard in Resources */,
				E02CC46F28F6BC0D00781615 /* Assets.xcassets in Resources */,
				E02CC46D28F6BC0C00781615 /* Main.storyboard in Resources */,
			);
			runOnlyForDeploymentPostprocessing = 0;
		};
/* End PBXResourcesBuildPhase section */

/* Begin PBXShellScriptBuildPhase section */
		3BBA783D2D6270B82DF07DE1 /* [CP] Embed Pods Frameworks */ = {
			isa = PBXShellScriptBuildPhase;
			buildActionMask = 2147483647;
			files = (
			);
			inputFileListPaths = (
				"${PODS_ROOT}/Target Support Files/Pods-Practice20221012/Pods-Practice20221012-frameworks-${CONFIGURATION}-input-files.xcfilelist",
			);
			name = "[CP] Embed Pods Frameworks";
			outputFileListPaths = (
				"${PODS_ROOT}/Target Support Files/Pods-Practice20221012/Pods-Practice20221012-frameworks-${CONFIGURATION}-output-files.xcfilelist",
			);
			runOnlyForDeploymentPostprocessing = 0;
			shellPath = /bin/sh;
			shellScript = "\"${PODS_ROOT}/Target Support Files/Pods-Practice20221012/Pods-Practice20221012-frameworks.sh\"\n";
			showEnvVarsInLog = 0;
		};
		FC782F0056CFCC4A5BAC0846 /* [CP] Check Pods Manifest.lock */ = {
			isa = PBXShellScriptBuildPhase;
			buildActionMask = 2147483647;
			files = (
			);
			inputFileListPaths = (
			);
			inputPaths = (
				"${PODS_PODFILE_DIR_PATH}/Podfile.lock",
				"${PODS_ROOT}/Manifest.lock",
			);
			name = "[CP] Check Pods Manifest.lock";
			outputFileListPaths = (
			);
			outputPaths = (
				"$(DERIVED_FILE_DIR)/Pods-Practice20221012-checkManifestLockResult.txt",
			);
			runOnlyForDeploymentPostprocessing = 0;
			shellPath = /bin/sh;
			shellScript = "diff \"${PODS_PODFILE_DIR_PATH}/Podfile.lock\" \"${PODS_ROOT}/Manifest.lock\" > /dev/null\nif [ $? != 0 ] ; then\n    # print error to STDERR\n    echo \"error: The sandbox is not in sync with the Podfile.lock. Run 'pod install' or update your CocoaPods installation.\" >&2\n    exit 1\nfi\n# This output is used by Xcode 'outputs' to avoid re-running this script phase.\necho \"SUCCESS\" > \"${SCRIPT_OUTPUT_FILE_0}\"\n";
			showEnvVarsInLog = 0;
		};
/* End PBXShellScriptBuildPhase section */

/* Begin PBXSourcesBuildPhase section */
		E02CC45E28F6BC0C00781615 /* Sources */ = {
			isa = PBXSourcesBuildPhase;
			buildActionMask = 2147483647;
			files = (
				E02CC46A28F6BC0C00781615 /* ScoreboardViewController.swift in Sources */,
				E0782E4E28F906DF0018D19A /* ScoreboardBottomView.swift in Sources */,
				E0782E4A28F8F5E20018D19A /* ScoreboardHeaderView.swift in Sources */,
				E0782E5028F914F10018D19A /* ScoreboardView+Bindings.swift in Sources */,
				E0782E5228F939900018D19A /* ScoreboardViewModel.swift in Sources */,
				E02CC46628F6BC0C00781615 /* AppDelegate.swift in Sources */,
				E02CC46828F6BC0C00781615 /* SceneDelegate.swift in Sources */,
				E0782E4C28F8FF810018D19A /* ScoreboardContentView.swift in Sources */,
			);
			runOnlyForDeploymentPostprocessing = 0;
		};
/* End PBXSourcesBuildPhase section */

/* Begin PBXVariantGroup section */
		E02CC46B28F6BC0C00781615 /* Main.storyboard */ = {
			isa = PBXVariantGroup;
			children = (
				E02CC46C28F6BC0C00781615 /* Base */,
			);
			name = Main.storyboard;
			sourceTree = "<group>";
		};
		E02CC47028F6BC0D00781615 /* LaunchScreen.storyboard */ = {
			isa = PBXVariantGroup;
			children = (
				E02CC47128F6BC0D00781615 /* Base */,
			);
			name = LaunchScreen.storyboard;
			sourceTree = "<group>";
		};
/* End PBXVariantGroup section */

/* Begin XCBuildConfiguration section */
		E02CC47428F6BC0D00781615 /* Debug */ = {
			isa = XCBuildConfiguration;
			buildSettings = {
				ALWAYS_SEARCH_USER_PATHS = NO;
				CLANG_ANALYZER_NONNULL = YES;
				CLANG_ANALYZER_NUMBER_OBJECT_CONVERSION = YES_AGGRESSIVE;
				CLANG_CXX_LANGUAGE_STANDARD = "gnu++17";
				CLANG_CXX_LIBRARY = "libc++";
				CLANG_ENABLE_MODULES = YES;
				CLANG_ENABLE_OBJC_ARC = YES;
				CLANG_ENABLE_OBJC_WEAK = YES;
				CLANG_WARN_BLOCK_CAPTURE_AUTORELEASING = YES;
				CLANG_WARN_BOOL_CONVERSION = YES;
				CLANG_WARN_COMMA = YES;
				CLANG_WARN_CONSTANT_CONVERSION = YES;
				CLANG_WARN_DEPRECATED_OBJC_IMPLEMENTATIONS = YES;
				CLANG_WARN_DIRECT_OBJC_ISA_USAGE = YES_ERROR;
				CLANG_WARN_DOCUMENTATION_COMMENTS = YES;
				CLANG_WARN_EMPTY_BODY = YES;
				CLANG_WARN_ENUM_CONVERSION = YES;
				CLANG_WARN_INFINITE_RECURSION = YES;
				CLANG_WARN_INT_CONVERSION = YES;
				CLANG_WARN_NON_LITERAL_NULL_CONVERSION = YES;
				CLANG_WARN_OBJC_IMPLICIT_RETAIN_SELF = YES;
				CLANG_WARN_OBJC_LITERAL_CONVERSION = YES;
				CLANG_WARN_OBJC_ROOT_CLASS = YES_ERROR;
				CLANG_WARN_QUOTED_INCLUDE_IN_FRAMEWORK_HEADER = YES;
				CLANG_WARN_RANGE_LOOP_ANALYSIS = YES;
				CLANG_WARN_STRICT_PROTOTYPES = YES;
				CLANG_WARN_SUSPICIOUS_MOVE = YES;
				CLANG_WARN_UNGUARDED_AVAILABILITY = YES_AGGRESSIVE;
				CLANG_WARN_UNREACHABLE_CODE = YES;
				CLANG_WARN__DUPLICATE_METHOD_MATCH = YES;
				COPY_PHASE_STRIP = NO;
				DEBUG_INFORMATION_FORMAT = dwarf;
				ENABLE_STRICT_OBJC_MSGSEND = YES;
				ENABLE_TESTABILITY = YES;
				GCC_C_LANGUAGE_STANDARD = gnu11;
				GCC_DYNAMIC_NO_PIC = NO;
				GCC_NO_COMMON_BLOCKS = YES;
				GCC_OPTIMIZATION_LEVEL = 0;
				GCC_PREPROCESSOR_DEFINITIONS = (
					"DEBUG=1",
					"$(inherited)",
				);
				GCC_WARN_64_TO_32_BIT_CONVERSION = YES;
				GCC_WARN_ABOUT_RETURN_TYPE = YES_ERROR;
				GCC_WARN_UNDECLARED_SELECTOR = YES;
				GCC_WARN_UNINITIALIZED_AUTOS = YES_AGGRESSIVE;
				GCC_WARN_UNUSED_FUNCTION = YES;
				GCC_WARN_UNUSED_VARIABLE = YES;
				IPHONEOS_DEPLOYMENT_TARGET = 15.5;
				MTL_ENABLE_DEBUG_INFO = INCLUDE_SOURCE;
				MTL_FAST_MATH = YES;
				ONLY_ACTIVE_ARCH = YES;
				SDKROOT = iphoneos;
				SWIFT_ACTIVE_COMPILATION_CONDITIONS = DEBUG;
				SWIFT_OPTIMIZATION_LEVEL = "-Onone";
			};
			name = Debug;
		};
		E02CC47528F6BC0D00781615 /* Release */ = {
			isa = XCBuildConfiguration;
			buildSettings = {
				ALWAYS_SEARCH_USER_PATHS = NO;
				CLANG_ANALYZER_NONNULL = YES;
				CLANG_ANALYZER_NUMBER_OBJECT_CONVERSION = YES_AGGRESSIVE;
				CLANG_CXX_LANGUAGE_STANDARD = "gnu++17";
				CLANG_CXX_LIBRARY = "libc++";
				CLANG_ENABLE_MODULES = YES;
				CLANG_ENABLE_OBJC_ARC = YES;
				CLANG_ENABLE_OBJC_WEAK = YES;
				CLANG_WARN_BLOCK_CAPTURE_AUTORELEASING = YES;
				CLANG_WARN_BOOL_CONVERSION = YES;
				CLANG_WARN_COMMA = YES;
				CLANG_WARN_CONSTANT_CONVERSION = YES;
				CLANG_WARN_DEPRECATED_OBJC_IMPLEMENTATIONS = YES;
				CLANG_WARN_DIRECT_OBJC_ISA_USAGE = YES_ERROR;
				CLANG_WARN_DOCUMENTATION_COMMENTS = YES;
				CLANG_WARN_EMPTY_BODY = YES;
				CLANG_WARN_ENUM_CONVERSION = YES;
				CLANG_WARN_INFINITE_RECURSION = YES;
				CLANG_WARN_INT_CONVERSION = YES;
				CLANG_WARN_NON_LITERAL_NULL_CONVERSION = YES;
				CLANG_WARN_OBJC_IMPLICIT_RETAIN_SELF = YES;
				CLANG_WARN_OBJC_LITERAL_CONVERSION = YES;
				CLANG_WARN_OBJC_ROOT_CLASS = YES_ERROR;
				CLANG_WARN_QUOTED_INCLUDE_IN_FRAMEWORK_HEADER = YES;
				CLANG_WARN_RANGE_LOOP_ANALYSIS = YES;
				CLANG_WARN_STRICT_PROTOTYPES = YES;
				CLANG_WARN_SUSPICIOUS_MOVE = YES;
				CLANG_WARN_UNGUARDED_AVAILABILITY = YES_AGGRESSIVE;
				CLANG_WARN_UNREACHABLE_CODE = YES;
				CLANG_WARN__DUPLICATE_METHOD_MATCH = YES;
				COPY_PHASE_STRIP = NO;
				DEBUG_INFORMATION_FORMAT = "dwarf-with-dsym";
				ENABLE_NS_ASSERTIONS = NO;
				ENABLE_STRICT_OBJC_MSGSEND = YES;
				GCC_C_LANGUAGE_STANDARD = gnu11;
				GCC_NO_COMMON_BLOCKS = YES;
				GCC_WARN_64_TO_32_BIT_CONVERSION = YES;
				GCC_WARN_ABOUT_RETURN_TYPE = YES_ERROR;
				GCC_WARN_UNDECLARED_SELECTOR = YES;
				GCC_WARN_UNINITIALIZED_AUTOS = YES_AGGRESSIVE;
				GCC_WARN_UNUSED_FUNCTION = YES;
				GCC_WARN_UNUSED_VARIABLE = YES;
				IPHONEOS_DEPLOYMENT_TARGET = 15.5;
				MTL_ENABLE_DEBUG_INFO = NO;
				MTL_FAST_MATH = YES;
				SDKROOT = iphoneos;
				SWIFT_COMPILATION_MODE = wholemodule;
				SWIFT_OPTIMIZATION_LEVEL = "-O";
				VALIDATE_PRODUCT = YES;
			};
			name = Release;
		};
		E02CC47728F6BC0D00781615 /* Debug */ = {
			isa = XCBuildConfiguration;
			baseConfigurationReference = D3B6D31BFB16B76B397CC883 /* Pods-Practice20221012.debug.xcconfig */;
			buildSettings = {
				ASSETCATALOG_COMPILER_APPICON_NAME = AppIcon;
				ASSETCATALOG_COMPILER_GLOBAL_ACCENT_COLOR_NAME = AccentColor;
				CODE_SIGN_STYLE = Automatic;
				CURRENT_PROJECT_VERSION = 1;
				DEVELOPMENT_TEAM = KH3PA94KG7;
				GENERATE_INFOPLIST_FILE = YES;
				INFOPLIST_FILE = Practice20221012/Info.plist;
				INFOPLIST_KEY_UIApplicationSupportsIndirectInputEvents = YES;
				INFOPLIST_KEY_UILaunchStoryboardName = LaunchScreen;
				INFOPLIST_KEY_UIMainStoryboardFile = Main;
				INFOPLIST_KEY_UISupportedInterfaceOrientations_iPad = "UIInterfaceOrientationPortrait UIInterfaceOrientationPortraitUpsideDown UIInterfaceOrientationLandscapeLeft UIInterfaceOrientationLandscapeRight";
				INFOPLIST_KEY_UISupportedInterfaceOrientations_iPhone = "UIInterfaceOrientationPortrait UIInterfaceOrientationLandscapeLeft UIInterfaceOrientationLandscapeRight";
				LD_RUNPATH_SEARCH_PATHS = (
					"$(inherited)",
					"@executable_path/Frameworks",
				);
				MARKETING_VERSION = 1.0;
				PRODUCT_BUNDLE_IDENTIFIER = nullra.com.Practice20221012;
				PRODUCT_NAME = "$(TARGET_NAME)";
				SWIFT_EMIT_LOC_STRINGS = YES;
				SWIFT_VERSION = 5.0;
				TARGETED_DEVICE_FAMILY = "1,2";
			};
			name = Debug;
		};
		E02CC47828F6BC0D00781615 /* Release */ = {
			isa = XCBuildConfiguration;
			baseConfigurationReference = C38F206ED5FF04B19DF594D7 /* Pods-Practice20221012.release.xcconfig */;
			buildSettings = {
				ASSETCATALOG_COMPILER_APPICON_NAME = AppIcon;
				ASSETCATALOG_COMPILER_GLOBAL_ACCENT_COLOR_NAME = AccentColor;
				CODE_SIGN_STYLE = Automatic;
				CURRENT_PROJECT_VERSION = 1;
				DEVELOPMENT_TEAM = KH3PA94KG7;
				GENERATE_INFOPLIST_FILE = YES;
				INFOPLIST_FILE = Practice20221012/Info.plist;
				INFOPLIST_KEY_UIApplicationSupportsIndirectInputEvents = YES;
				INFOPLIST_KEY_UILaunchStoryboardName = LaunchScreen;
				INFOPLIST_KEY_UIMainStoryboardFile = Main;
				INFOPLIST_KEY_UISupportedInterfaceOrientations_iPad = "UIInterfaceOrientationPortrait UIInterfaceOrientationPortraitUpsideDown UIInterfaceOrientationLandscapeLeft UIInterfaceOrientationLandscapeRight";
				INFOPLIST_KEY_UISupportedInterfaceOrientations_iPhone = "UIInterfaceOrientationPortrait UIInterfaceOrientationLandscapeLeft UIInterfaceOrientationLandscapeRight";
				LD_RUNPATH_SEARCH_PATHS = (
					"$(inherited)",
					"@executable_path/Frameworks",
				);
				MARKETING_VERSION = 1.0;
				PRODUCT_BUNDLE_IDENTIFIER = nullra.com.Practice20221012;
				PRODUCT_NAME = "$(TARGET_NAME)";
				SWIFT_EMIT_LOC_STRINGS = YES;
				SWIFT_VERSION = 5.0;
				TARGETED_DEVICE_FAMILY = "1,2";
			};
			name = Release;
		};
/* End XCBuildConfiguration section */

/* Begin XCConfigurationList section */
		E02CC45D28F6BC0C00781615 /* Build configuration list for PBXProject "Practice20221012" */ = {
			isa = XCConfigurationList;
			buildConfigurations = (
				E02CC47428F6BC0D00781615 /* Debug */,
				E02CC47528F6BC0D00781615 /* Release */,
			);
			defaultConfigurationIsVisible = 0;
			defaultConfigurationName = Release;
		};
		E02CC47628F6BC0D00781615 /* Build configuration list for PBXNativeTarget "Practice20221012" */ = {
			isa = XCConfigurationList;
			buildConfigurations = (
				E02CC47728F6BC0D00781615 /* Debug */,
				E02CC47828F6BC0D00781615 /* Release */,
			);
			defaultConfigurationIsVisible = 0;
			defaultConfigurationName = Release;
		};
/* End XCConfigurationList section */
	};
	rootObject = E02CC45A28F6BC0C00781615 /* Project object */;
}
